{
  "name": "codex-memory-lite",
  "version": "2.0.0",
  "lockfileVersion": 3,
  "requires": true,
  "packages": {
    "": {
      "name": "codex-memory-lite",
      "version": "2.0.0",
      "license": "MIT",
      "bin": {
        "codex-memory-lite": "bin/codex-memory-lite.js"
      },
      "engines": {
        "node": ">=18"
      }
    }
  }
}
